
Microsoft Visual Studio Solution File, Format Version 12.00
# Visual Studio Version 17
VisualStudioVersion = 17.5.002.0
MinimumVisualStudioVersion = 10.0.40219.1
Project("{9A19103F-16F7-4668-BE54-9A1E7A4F7556}") = "YazlabBirSonProje", "YazlabBirSonProje.csproj", "{407D3D80-93B6-4A04-853D-8A6B7993119A}"
EndProject
Global
	GlobalSection(SolutionConfigurationPlatforms) = preSolution
		Debug|Any CPU = Debug|Any CPU
		Release|Any CPU = Release|Any CPU
	EndGlobalSection
	GlobalSection(ProjectConfigurationPlatforms) = postSolution
		{407D3D80-93B6-4A04-853D-8A6B7993119A}.Debug|Any CPU.ActiveCfg = Debug|Any CPU
		{407D3D80-93B6-4A04-853D-8A6B7993119A}.Debug|Any CPU.Build.0 = Debug|Any CPU
		{407D3D80-93B6-4A04-853D-8A6B7993119A}.Release|Any CPU.ActiveCfg = Release|Any CPU
		{407D3D80-93B6-4A04-853D-8A6B7993119A}.Release|Any CPU.Build.0 = Release|Any CPU
	EndGlobalSection
	GlobalSection(SolutionProperties) = preSolution
		HideSolutionNode = FALSE
	EndGlobalSection
	GlobalSection(ExtensibilityGlobals) = postSolution
		SolutionGuid = {8065B9EA-8C1B-48C9-8990-3CBA2855F480}
	EndGlobalSection
EndGlobal
